{
    "_meta": {
        "hash": {
            "sha256": "6cc60423526eaaa87d65bd6ff5e4e509c34c57271d7e1b0807ebec5a38fb2e41"
        },
        "pipfile-spec": 6,
        "requires": {
            "python_version": "3.7"
        },
        "sources": [
            {
                "name": "pypi",
                "url": "https://pypi.org/simple",
                "verify_ssl": true
            }
        ]
    },
    "default": {
        "aniso8601": {
            "hashes": [
                "sha256:1d2b7ef82963909e93c4f24ce48d4de9e66009a21bf1c1e1c85bdd0812fe412f",
                "sha256:72e3117667eedf66951bb2d93f4296a56b94b078a8a95905a052611fb3f1b973"
            ],
            "version": "==9.0.1"
        },
        "attrs": {
            "hashes": [
                "sha256:1f28b4522cdc2fb4256ac1a020c78acf9cba2c6b461ccd2c126f3aa8e8335d04",
                "sha256:6279836d581513a26f1bf235f9acd333bc9115683f14f7e8fae46c98fc50e015"
            ],
            "markers": "python_version >= '3.7'",
            "version": "==23.1.0"
        },
        "click": {
            "hashes": [
                "sha256:d2b5255c7c6349bc1bd1e59e08cd12acbbd63ce649f2588755783aa94dfb6b1a",
                "sha256:dacca89f4bfadd5de3d7489b7c8a566eee0d3676333fbb50030263894c38c0dc"
            ],
            "markers": "python_version >= '2.7' and python_version not in '3.0, 3.1, 3.2, 3.3, 3.4'",
            "version": "==7.1.2"
        },
        "flask": {
            "hashes": [
                "sha256:0fbeb6180d383a9186d0d6ed954e0042ad9f18e0e8de088b2b419d526927d196",
                "sha256:c34f04500f2cbbea882b1acb02002ad6fe6b7ffa64a6164577995657f50aed22"
            ],
            "markers": "python_version >= '2.7' and python_version not in '3.0, 3.1, 3.2, 3.3, 3.4'",
            "version": "==1.1.4"
        },
        "flask-marshmallow": {
            "hashes": [
                "sha256:2adcd782b5a4a6c5ae3c96701f320d8ca6997995a52b2661093c56cc3ed24754",
                "sha256:bd01a6372cbe50e36f205cfff0fc5dab0b7b662c4c8b2c4fc06a3151b2950950"
            ],
            "index": "pypi",
            "version": "==0.14.0"
        },
        "flask-restplus": {
            "hashes": [
                "sha256:a15d251923a8feb09a5d805c2f4d188555910a42c64d58f7dd281b8cac095f1b",
                "sha256:a66e442d0bca08f389fc3d07b4d808fc89961285d12fb8013f7cf15516fa9f5c"
            ],
            "index": "pypi",
            "version": "==0.13.0"
        },
        "flask-sqlalchemy": {
            "hashes": [
                "sha256:05b31d2034dd3f2a685cbbae4cfc4ed906b2a733cff7964ada450fd5e462b84e",
                "sha256:bfc7150eaf809b1c283879302f04c42791136060c6eeb12c0c6674fb1291fae5"
            ],
            "index": "pypi",
            "version": "==2.4.4"
        },
        "itsdangerous": {
            "hashes": [
                "sha256:321b033d07f2a4136d3ec762eac9f16a10ccd60f53c0c91af90217ace7ba1f19",
                "sha256:b12271b2047cb23eeb98c8b5622e2e5c5e9abd9784a153e9d8ef9cb4dd09d749"
            ],
            "markers": "python_version >= '2.7' and python_version not in '3.0, 3.1, 3.2, 3.3'",
            "version": "==1.1.0"
        },
        "jinja2": {
            "hashes": [
                "sha256:03e47ad063331dd6a3f04a43eddca8a966a26ba0c5b7207a9a9e4e08f1b29419",
                "sha256:a6d58433de0ae800347cab1fa3043cebbabe8baa9d29e668f1c768cb87a333c6"
            ],
            "markers": "python_version >= '2.7' and python_version not in '3.0, 3.1, 3.2, 3.3, 3.4'",
            "version": "==2.11.3"
        },
        "jsonschema": {
            "hashes": [
                "sha256:64b7104d72efe856bea49ca4af37a14a9eba31b40bb7238179f3803130fd34d9",
                "sha256:aab78b34c2de001c6b692232f08c21a97b436fe18e0b817bf0511046924fceef"
            ],
            "markers": "python_version >= '3.8'",
            "version": "==4.18.3"
        },
        "jsonschema-specifications": {
            "hashes": [
                "sha256:3d2b82663aff01815f744bb5c7887e2121a63399b49b104a3c96145474d091d7",
                "sha256:ca1c4dd059a9e7b34101cf5b3ab7ff1d18b139f35950d598d629837ef66e8f28"
            ],
            "markers": "python_version >= '3.8'",
            "version": "==2023.6.1"
        },
        "markupsafe": {
            "hashes": [
                "sha256:01a9b8ea66f1658938f65b93a85ebe8bc016e6769611be228d797c9d998dd298",
                "sha256:023cb26ec21ece8dc3907c0e8320058b2e0cb3c55cf9564da612bc325bed5e64",
                "sha256:0446679737af14f45767963a1a9ef7620189912317d095f2d9ffa183a4d25d2b",
                "sha256:04635854b943835a6ea959e948d19dcd311762c5c0c6e1f0e16ee57022669194",
                "sha256:0717a7390a68be14b8c793ba258e075c6f4ca819f15edfc2a3a027c823718567",
                "sha256:0955295dd5eec6cb6cc2fe1698f4c6d84af2e92de33fbcac4111913cd100a6ff",
                "sha256:0d4b31cc67ab36e3392bbf3862cfbadac3db12bdd8b02a2731f509ed5b829724",
                "sha256:10f82115e21dc0dfec9ab5c0223652f7197feb168c940f3ef61563fc2d6beb74",
                "sha256:168cd0a3642de83558a5153c8bd34f175a9a6e7f6dc6384b9655d2697312a646",
                "sha256:1d609f577dc6e1aa17d746f8bd3c31aa4d258f4070d61b2aa5c4166c1539de35",
                "sha256:1f2ade76b9903f39aa442b4aadd2177decb66525062db244b35d71d0ee8599b6",
                "sha256:20dca64a3ef2d6e4d5d615a3fd418ad3bde77a47ec8a23d984a12b5b4c74491a",
                "sha256:2a7d351cbd8cfeb19ca00de495e224dea7e7d919659c2841bbb7f420ad03e2d6",
                "sha256:2d7d807855b419fc2ed3e631034685db6079889a1f01d5d9dac950f764da3dad",
                "sha256:2ef54abee730b502252bcdf31b10dacb0a416229b72c18b19e24a4509f273d26",
                "sha256:36bc903cbb393720fad60fc28c10de6acf10dc6cc883f3e24ee4012371399a38",
                "sha256:37205cac2a79194e3750b0af2a5720d95f786a55ce7df90c3af697bfa100eaac",
                "sha256:3c112550557578c26af18a1ccc9e090bfe03832ae994343cfdacd287db6a6ae7",
                "sha256:3dd007d54ee88b46be476e293f48c85048603f5f516008bee124ddd891398ed6",
                "sha256:4296f2b1ce8c86a6aea78613c34bb1a672ea0e3de9c6ba08a960efe0b0a09047",
                "sha256:47ab1e7b91c098ab893b828deafa1203de86d0bc6ab587b160f78fe6c4011f75",
                "sha256:49e3ceeabbfb9d66c3aef5af3a60cc43b85c33df25ce03d0031a608b0a8b2e3f",
                "sha256:4dc8f9fb58f7364b63fd9f85013b780ef83c11857ae79f2feda41e270468dd9b",
                "sha256:4efca8f86c54b22348a5467704e3fec767b2db12fc39c6d963168ab1d3fc9135",
                "sha256:53edb4da6925ad13c07b6d26c2a852bd81e364f95301c66e930ab2aef5b5ddd8",
                "sha256:5855f8438a7d1d458206a2466bf82b0f104a3724bf96a1c781ab731e4201731a",
                "sha256:594c67807fb16238b30c44bdf74f36c02cdf22d1c8cda91ef8a0ed8dabf5620a",
                "sha256:5b6d930f030f8ed98e3e6c98ffa0652bdb82601e7a016ec2ab5d7ff23baa78d1",
                "sha256:5bb28c636d87e840583ee3adeb78172efc47c8b26127267f54a9c0ec251d41a9",
                "sha256:60bf42e36abfaf9aff1f50f52644b336d4f0a3fd6d8a60ca0d054ac9f713a864",
                "sha256:611d1ad9a4288cf3e3c16014564df047fe08410e628f89805e475368bd304914",
                "sha256:6300b8454aa6930a24b9618fbb54b5a68135092bc666f7b06901f897fa5c2fee",
                "sha256:63f3268ba69ace99cab4e3e3b5840b03340efed0948ab8f78d2fd87ee5442a4f",
                "sha256:6557b31b5e2c9ddf0de32a691f2312a32f77cd7681d8af66c2692efdbef84c18",
                "sha256:693ce3f9e70a6cf7d2fb9e6c9d8b204b6b39897a2c4a1aa65728d5ac97dcc1d8",
                "sha256:6a7fae0dd14cf60ad5ff42baa2e95727c3d81ded453457771d02b7d2b3f9c0c2",
                "sha256:6c4ca60fa24e85fe25b912b01e62cb969d69a23a5d5867682dd3e80b5b02581d",
                "sha256:6fcf051089389abe060c9cd7caa212c707e58153afa2c649f00346ce6d260f1b",
                "sha256:7d91275b0245b1da4d4cfa07e0faedd5b0812efc15b702576d103293e252af1b",
                "sha256:89c687013cb1cd489a0f0ac24febe8c7a666e6e221b783e53ac50ebf68e45d86",
                "sha256:8d206346619592c6200148b01a2142798c989edcb9c896f9ac9722a99d4e77e6",
                "sha256:905fec760bd2fa1388bb5b489ee8ee5f7291d692638ea5f67982d968366bef9f",
                "sha256:97383d78eb34da7e1fa37dd273c20ad4320929af65d156e35a5e2d89566d9dfb",
                "sha256:984d76483eb32f1bcb536dc27e4ad56bba4baa70be32fa87152832cdd9db0833",
                "sha256:99df47edb6bda1249d3e80fdabb1dab8c08ef3975f69aed437cb69d0a5de1e28",
                "sha256:9f02365d4e99430a12647f09b6cc8bab61a6564363f313126f775eb4f6ef798e",
                "sha256:a30e67a65b53ea0a5e62fe23682cfe22712e01f453b95233b25502f7c61cb415",
                "sha256:ab3ef638ace319fa26553db0624c4699e31a28bb2a835c5faca8f8acf6a5a902",
                "sha256:aca6377c0cb8a8253e493c6b451565ac77e98c2951c45f913e0b52facdcff83f",
                "sha256:add36cb2dbb8b736611303cd3bfcee00afd96471b09cda130da3581cbdc56a6d",
                "sha256:b2f4bf27480f5e5e8ce285a8c8fd176c0b03e93dcc6646477d4630e83440c6a9",
                "sha256:b7f2d075102dc8c794cbde1947378051c4e5180d52d276987b8d28a3bd58c17d",
                "sha256:baa1a4e8f868845af802979fcdbf0bb11f94f1cb7ced4c4b8a351bb60d108145",
                "sha256:be98f628055368795d818ebf93da628541e10b75b41c559fdf36d104c5787066",
                "sha256:bf5d821ffabf0ef3533c39c518f3357b171a1651c1ff6827325e4489b0e46c3c",
                "sha256:c47adbc92fc1bb2b3274c4b3a43ae0e4573d9fbff4f54cd484555edbf030baf1",
                "sha256:cdfba22ea2f0029c9261a4bd07e830a8da012291fbe44dc794e488b6c9bb353a",
                "sha256:d6c7ebd4e944c85e2c3421e612a7057a2f48d478d79e61800d81468a8d842207",
                "sha256:d7f9850398e85aba693bb640262d3611788b1f29a79f0c93c565694658f4071f",
                "sha256:d8446c54dc28c01e5a2dbac5a25f071f6653e6e40f3a8818e8b45d790fe6ef53",
                "sha256:deb993cacb280823246a026e3b2d81c493c53de6acfd5e6bfe31ab3402bb37dd",
                "sha256:e0f138900af21926a02425cf736db95be9f4af72ba1bb21453432a07f6082134",
                "sha256:e9936f0b261d4df76ad22f8fee3ae83b60d7c3e871292cd42f40b81b70afae85",
                "sha256:f0567c4dc99f264f49fe27da5f735f414c4e7e7dd850cfd8e69f0862d7c74ea9",
                "sha256:f5653a225f31e113b152e56f154ccbe59eeb1c7487b39b9d9f9cdb58e6c79dc5",
                "sha256:f826e31d18b516f653fe296d967d700fddad5901ae07c622bb3705955e1faa94",
                "sha256:f8ba0e8349a38d3001fae7eadded3f6606f0da5d748ee53cc1dab1d6527b9509",
                "sha256:f9081981fe268bd86831e5c75f7de206ef275defcb82bc70740ae6dc507aee51",
                "sha256:fa130dd50c57d53368c9d59395cb5526eda596d3ffe36666cd81a44d56e48872"
            ],
            "index": "pypi",
            "version": "==2.0.1"
        },
        "marshmallow": {
            "hashes": [
                "sha256:90032c0fd650ce94b6ec6dc8dfeb0e3ff50c144586462c389b81a07205bedb78",
                "sha256:93f0958568da045b0021ec6aeb7ac37c81bfcccbb9a0e7ed8559885070b3a19b"
            ],
            "markers": "python_version >= '3.7'",
            "version": "==3.19.0"
        },
        "marshmallow-sqlalchemy": {
            "hashes": [
                "sha256:93f47b880ac7070f7b34c8ac0a71eeec3f8582a22e5c0330c1c436e3f5f99a37",
                "sha256:d051cf013c075c43e1ee5c4b01f8fab6dd6b140dab6825be45875f674a0d289c"
            ],
            "index": "pypi",
            "version": "==0.24.1"
        },
        "packaging": {
            "hashes": [
                "sha256:994793af429502c4ea2ebf6bf664629d07c1a9fe974af92966e4b8d2df7edc61",
                "sha256:a392980d2b6cffa644431898be54b0045151319d1e7ec34f0cfed48767dd334f"
            ],
            "markers": "python_version >= '3.7'",
            "version": "==23.1"
        },
        "pytz": {
            "hashes": [
                "sha256:1d8ce29db189191fb55338ee6d0387d82ab59f3d00eac103412d64e0ebd0c588",
                "sha256:a151b3abb88eda1d4e34a9814df37de2a80e301e68ba0fd856fb9b46bfbbbffb"
            ],
            "version": "==2023.3"
        },
        "referencing": {
            "hashes": [
                "sha256:90cb53782d550ba28d2166ef3f55731f38397def8832baac5d45235f1995e35e",
                "sha256:d3c8f323ee1480095da44d55917cfb8278d73d6b4d5f677e3e40eb21314ac67f"
            ],
            "markers": "python_version >= '3.8'",
            "version": "==0.29.1"
        },
        "rpds-py": {
            "hashes": [
                "sha256:018b2820e01fe1bbcfb7ecb9d8e42beda2d5e8c68dddb8331085c069496ee7b4",
                "sha256:05d7fba86f453e68e8c08b1db6c7462fff8f4773e190b11a2b841b090abf67ff",
                "sha256:07a485449b0f4819a6aaa6d8e290841239eed2fff1e3065a45a437da597bdb14",
                "sha256:07a87f9d4be317d567422553f3a5b54bb068f5c28e7271e04914c011c373b5f6",
                "sha256:0af4dad7ffaa29ca1fd048b667a1b3db46ce1353f01d606b3d03d18649adab5a",
                "sha256:0ea0c01d22aae66b4fd3e3ead0abbe6a6bace032441c281687906ab723e7b00a",
                "sha256:0ee7d4acb2cb1ccda55db9cf2087b7ed3f38175228feddd63a3c334c786e8248",
                "sha256:18667ccf333fc615a63203be08262ce58c2bdf135c9c2fa245556f5d20d14028",
                "sha256:1906f35d7becb01b10b1feb0906a7c5d4634dc70ba2ef92e664c6001658d36f0",
                "sha256:1a49829d460f6b089c245de3e69b2b22c5ec783e53e70a4116b8cc3cf490047c",
                "sha256:1af977101487862222be5f526cd9921a2070805acedc9b46cf4268d5dc8a915b",
                "sha256:1b5546bc4c2c0c0d71859f6db1f150634d481252b40842157aff5a082a5dd999",
                "sha256:1b56e340ef68f12566e4094df317b1afc62e93db236916a2c653c1ace0c06d50",
                "sha256:26da604ae094924ad522a083d90cf030c9578a1b9611cdecd19d689a645d042d",
                "sha256:2708cb3df058446c9aaee8213ad472cbf6be798fa05baf81e2b1b0b67abadfa2",
                "sha256:2a7eb90d7df5a1a268cef733d2798dca39cf63dfb2d296356cd0e938e6c2090d",
                "sha256:2ee70fa6b3151e0da19185802e8bacddc8b24d6bdac5e1c85072acae19ec734a",
                "sha256:3104cd647da83001d608165e0dc0b5747ce8ea12c96d6b83fb2c43fa68135018",
                "sha256:33169a32e8996086f5270de1b51c8fc699aefd5d7a0288f747c7ffd72acc6c83",
                "sha256:364f70d9802ef628c13a04a6636e0bbe7f1a58c2560955da17c7117ed1ee8762",
                "sha256:38208701e09e77c1158b1538c687c5b0a6a894a689bbd1f6eafc5cd31a7cd59d",
                "sha256:3d1830d31db000bec0599665349e026614676432c87aeef98cac970254d4e36f",
                "sha256:3ff2b6d317eea667260c7265977575f49116781e4fcc4973360b84aec24644e3",
                "sha256:4017d2920e8e3f936e6fc3b65e60a655c690c472901f0ff1a8f62ee21c493f19",
                "sha256:41b8c08eef01d6183a942567e2069966d53b826abdd3076e4cabd02cf158b338",
                "sha256:43745fcd13243ba67a4617bfede75bc81c2e990cfac7581b4aa8b7f43ac16b80",
                "sha256:444ea661de45cf0334131904d717254462d8c974d551caac795f4232920bdb47",
                "sha256:45cb51ac40c48cdcaaf873a7a7cb9231e3a3f561c5cc4af6e8ab43bf7601c02a",
                "sha256:47aba4c789842d9e408162d483ba9fa7f681fa996607e935cbdcb3b23b16dab9",
                "sha256:4907793f6186df1ed20a828d8315bfd25376924b92bc8bf7ae27548e498bd567",
                "sha256:4a7b21de1684a2ebbeb2fbd9b03495a9d7787305e46c6ec42c6340fc647e37d5",
                "sha256:4b40fc5904e8053ac9e4f5b0e9af949bc276098f14a46e992ab072a3d706675a",
                "sha256:4e1a12c4a2dc42c74981b39f35ebf8372dc78281ea7d5ded9ef91ed3e6501bce",
                "sha256:53467e07da630e31bcbe741616b2a006c11236e63688ad69324b8f71bf035b8b",
                "sha256:59a3407643acbcf697309b3b7d346f59d9ba4527a2a02a4fc1417766a2e2af8a",
                "sha256:5b3ffee8a0f48cfb6670533463efd0aa529833bfb747e6c7077229e1a253a7c1",
                "sha256:6616eaa330fc925f15bc796efefeb45fb262213422d1274656d062359cf707c0",
                "sha256:67768f54ee4ff5c6811d505d14d22bc5e98b04743a12ee79637e06caec4cc7db",
                "sha256:6d59b7f535c6e9ce10fbdb09e31589fa5aba19e867275578087bd1a243b47b56",
                "sha256:71e47154e72eadd210b204c696b6ab65fd685ea08aabb6e434dc8060220168f3",
                "sha256:760b994c3ddc68e6c5e750484e4c6a687e5b1c2f73d791834feb1ca6a9efc79c",
                "sha256:82a9ff8ec847ffba78087dfcc42e78869d7c19f89f91e838d2ad35e70b00a51f",
                "sha256:888f166b3feb1a19a1d616fe799ad648d1be85586cb49480e4b65c3f6b217d5a",
                "sha256:8a40d5a10a7a6ae5c379f9ac099f55eab9dac4dcfed79b34df37ad84137dc6a7",
                "sha256:8b3b0ff70afe08d5e7a719e69bc48ae4643fa7301cdab642bddbdf014190b651",
                "sha256:8c755419ba9fbcd87a62837b6388456b3684c5efc41df03ac3f4c42229e84459",
                "sha256:8d9b1a38b5f1346c19b6fc5595998435b0327426a6f54597653eb4fe24f737c6",
                "sha256:8e0207dc216dc04b70781c84ddaa198caff01ced30307340cc5878f69ef4bb72",
                "sha256:946c98e168fe2c54335915ed1d82a162257d9943e84af1e8ddc741bdfba78c23",
                "sha256:948ab99c751149a612a3b432d400d5f26819589598eab75e083c3e98858f13b0",
                "sha256:96349901b73c0f21e9eee04b0422ca122772d9b7e71afe0535ce464c0fa046cf",
                "sha256:96628ba384dc07af9df51d8ee0828ed0118b9229d9a78c1b70198313ec621033",
                "sha256:96d247ea2a18e2307e3fd0b3860e1bca847df534d7f4cd2fc3525eaa10c71571",
                "sha256:99a586d7dbad835352d6c3b6c4ae56c9fdffda800c74d2986513a2c514a35c6c",
                "sha256:9c42d44ed2fdf14b5ba3fc1461bc124031de59ee2750642205a55820f81c17ea",
                "sha256:9ec03f7f2c62fd7c8516448ded95c022d83b802a847e1d5c5da30b602f481f5e",
                "sha256:a1cdb85c001a021634ea326c095cc2cf08a287ae55ad1e9376be5ff6e9ab7e30",
                "sha256:a51d5a83213c05fb975dbdedd4406c165c7657eabe92cb1f9441e881bfd17874",
                "sha256:a5acc515aef399ddcfb59d1e6414f8ae9fc559d8068319cad6e4154d2348ea68",
                "sha256:a77de26a65ec87b2ec981b9fc50527e43238f0cc840fec3a8ba9789112a77cad",
                "sha256:aa01d4c2bfb7b6f78d0ac7e5796cdc7dcd93cb74d0f6eefa14f0ce15ffdc287c",
                "sha256:aa9308649feff2acf29057fbc7bc26cfd0482b80060375e12fe2dfae4a6c2eb8",
                "sha256:acdd9d5f39e12a6519a38609a144ccee67d24a9991f21c64d4f92806503a3e1a",
                "sha256:ae19845478ed4f307560b72608e723b5ea1702cb87c1c1479e372d1787203dda",
                "sha256:af1a820a8046bad8e326db5a829057b2eb601127ee33360056158ef7c437460b",
                "sha256:b27d5267d92b2741d4864a463ad9f1c941aa44b6f8dce420bc620946169a1cac",
                "sha256:b47fa4aa6cb0a7e0a09822e7f362a14afd9786d030e8485b92aa10ad13732e34",
                "sha256:b9ece08b4a0df42002ebf9f23e521c74ec924f3d1542254056efc271fe611b91",
                "sha256:bb02e326d3e925d2f22c7ea6db495b59cf81b8e0f9f841d72bc0eab7be59a08c",
                "sha256:be18700d55e63a7cdc9e92a5592196105b8787859f21058f7972989e9c7153a1",
                "sha256:be73e5592a392fcb255d1e161cdfa4e78e0f9d3a9da6d9cf1cb3a2e11d110763",
                "sha256:bfb6a285c9a803540dcf3d1d4dfb99420c8ea0cf5fce89bf89abddd79b630252",
                "sha256:c51adab2bb16850f4bc6ac51c7d753d3f7d08ad6005802bd31e4657873f5c94c",
                "sha256:c63b4add6cb4dc9d2998ab523c259a30b6f1d28651b39a10e0b128abd05544b4",
                "sha256:c83de7177df8d47263494c03670e3b8a8e7b99864c1123c1efb836f6c96755cc",
                "sha256:c988766c3076ca2360ba7b41ed4df903a810e20e84b58fd00878865558dafe6f",
                "sha256:d33d8868898bbbf8f6ae28af8659eb6b182ae1599feb3ef47237c6393366fbc9",
                "sha256:d5843b827d48d16e1f0d2c8e93c62a10cda71f509b5a49947bb61fcb19d7abce",
                "sha256:d744dfc4841022505279a7d33c19247f93570e023c15202b2c32e98f61eeaed3",
                "sha256:d8e9244d1f115f29f14a261b8a03f2d8932a8dc1ff066c5b362df2d56c0e5109",
                "sha256:ddd2fc8b37641d7ac0c6bd085bc6c036b64337a2b7065044c5cc76e74824c36e",
                "sha256:de5ffed29aa4461e269a7567211e730ec20eec0b47a87854639cd69fbe8c3e9f",
                "sha256:e1c542d43857f75209e3f36354ad6846d143cfc0fe71886d661cd9ec5388cdef",
                "sha256:e47f484e7302c804fb002f8a7b9749e4a51a412449b6a39ca31ff23b889d3fc3",
                "sha256:e5e71fffd7ef3716d7df4338432dbd60ca2d81ad2830ff97ed4c6aea563f47d3",
                "sha256:e722759a66aa571c801cec3777412f1172380c5d5761637f22d920893d24d194",
                "sha256:e835aa2c484ac5d8d1b6c2efefbbbf1bbe2f48ed8adec9c42d6f2df2eb07f93d",
                "sha256:ea3d22795f09e8cd4c4ac5ff2fe50fa32bd01fa2b48ac5d46479082325d40680",
                "sha256:ef29fa64514a17bbc104693acf094e3fef5e98c2ddf58e9777f673fc6b0c5e97",
                "sha256:f177934d33c7b649dc99663642b1a33094af3447e00eb9a1e3eebd9b02ac2158",
                "sha256:f3da48aee9e0e5567a3bd23a5ee5cc9457fb60cf7af2ecb8b64317fedfc95231",
                "sha256:f64fdf846e42d77e0dd4dfb90b335f01b2b35aef470b81393c71ce0dd2781eab",
                "sha256:f9763c409a2aa111fc0f7bb8cda00e2e3bcbac64830f9f529753d635d1ee8d56",
                "sha256:fa6f798ae72572d35eddd3bed98c91d7c74b218d4ed6ce8d729639dcb7d063af",
                "sha256:fb586379ddb3418099fce5949fae1377ecc47139aa34c450d7018ff9a995aeb7",
                "sha256:fd817f2d213c6f1ee104f4805812c6e348984769f15404382ab885a9f2a9e56f",
                "sha256:fde3feff99b8d83708cd828efc0603e7d92e447bf01b30b72448e411645cc8e8"
            ],
            "markers": "python_version >= '3.8'",
            "version": "==0.8.11"
        },
        "six": {
            "hashes": [
                "sha256:1e61c37477a1626458e36f7b1d82aa5c9b094fa4802892072e49de9c60c4c926",
                "sha256:8abb2f1d86890a2dfb989f9a77cfcfd3e47c2a354b01111771326f8aa26e0254"
            ],
            "markers": "python_version >= '2.7' and python_version not in '3.0, 3.1, 3.2, 3.3'",
            "version": "==1.16.0"
        },
        "sqlalchemy": {
            "hashes": [
                "sha256:024d2f67fb3ec697555e48caeb7147cfe2c08065a4f1a52d93c3d44fc8e6ad1c",
                "sha256:0bf0fd65b50a330261ec7fe3d091dfc1c577483c96a9fa1e4323e932961aa1b5",
                "sha256:16a310f5bc75a5b2ce7cb656d0e76eb13440b8354f927ff15cbaddd2523ee2d1",
                "sha256:1d90ccc15ba1baa345796a8fb1965223ca7ded2d235ccbef80a47b85cea2d71a",
                "sha256:22bafb1da60c24514c141a7ff852b52f9f573fb933b1e6b5263f0daa28ce6db9",
                "sha256:2c69ce70047b801d2aba3e5ff3cba32014558966109fecab0c39d16c18510f15",
                "sha256:2e7b69d9ced4b53310a87117824b23c509c6fc1f692aa7272d47561347e133b6",
                "sha256:314145c1389b021a9ad5aa3a18bac6f5d939f9087d7fc5443be28cba19d2c972",
                "sha256:3afa8a21a9046917b3a12ffe016ba7ebe7a55a6fc0c7d950beb303c735c3c3ad",
                "sha256:430614f18443b58ceb9dedec323ecddc0abb2b34e79d03503b5a7579cd73a531",
                "sha256:43699eb3f80920cc39a380c159ae21c8a8924fe071bccb68fc509e099420b148",
                "sha256:539010665c90e60c4a1650afe4ab49ca100c74e6aef882466f1de6471d414be7",
                "sha256:57d100a421d9ab4874f51285c059003292433c648df6abe6c9c904e5bd5b0828",
                "sha256:5831138f0cc06b43edf5f99541c64adf0ab0d41f9a4471fd63b54ae18399e4de",
                "sha256:584f66e5e1979a7a00f4935015840be627e31ca29ad13f49a6e51e97a3fb8cae",
                "sha256:5d6afc41ca0ecf373366fd8e10aee2797128d3ae45eb8467b19da4899bcd1ee0",
                "sha256:61ada5831db36d897e28eb95f0f81814525e0d7927fb51145526c4e63174920b",
                "sha256:6b54d1ad7a162857bb7c8ef689049c7cd9eae2f38864fc096d62ae10bc100c7d",
                "sha256:7351c05db355da112e056a7b731253cbeffab9dfdb3be1e895368513c7d70106",
                "sha256:77a14fa20264af73ddcdb1e2b9c5a829b8cc6b8304d0f093271980e36c200a3f",
                "sha256:851a37898a8a39783aab603c7348eb5b20d83c76a14766a43f56e6ad422d1ec8",
                "sha256:89bc2b374ebee1a02fd2eae6fd0570b5ad897ee514e0f84c5c137c942772aa0c",
                "sha256:8e712cfd2e07b801bc6b60fdf64853bc2bd0af33ca8fa46166a23fe11ce0dbb0",
                "sha256:8f9eb4575bfa5afc4b066528302bf12083da3175f71b64a43a7c0badda2be365",
                "sha256:8fc05b59142445a4efb9c1fd75c334b431d35c304b0e33f4fa0ff1ea4890f92e",
                "sha256:96f0463573469579d32ad0c91929548d78314ef95c210a8115346271beeeaaa2",
                "sha256:9deaae357edc2091a9ed5d25e9ee8bba98bcfae454b3911adeaf159c2e9ca9e3",
                "sha256:a752b7a9aceb0ba173955d4f780c64ee15a1a991f1c52d307d6215c6c73b3a4c",
                "sha256:ae7473a67cd82a41decfea58c0eac581209a0aa30f8bc9190926fbf628bb17f7",
                "sha256:b15afbf5aa76f2241184c1d3b61af1a72ba31ce4161013d7cb5c4c2fca04fd6e",
                "sha256:c896d4e6ab2eba2afa1d56be3d0b936c56d4666e789bfc59d6ae76e9fcf46145",
                "sha256:cb4e688f6784427e5f9479d1a13617f573de8f7d4aa713ba82813bcd16e259d1",
                "sha256:cda283700c984e699e8ef0fcc5c61f00c9d14b6f65a4f2767c97242513fcdd84",
                "sha256:cf7b5e3856cbf1876da4e9d9715546fa26b6e0ba1a682d5ed2fc3ca4c7c3ec5b",
                "sha256:d6894708eeb81f6d8193e996257223b6bb4041cb05a17cd5cf373ed836ef87a2",
                "sha256:d8f2afd1aafded7362b397581772c670f20ea84d0a780b93a1a1529da7c3d369",
                "sha256:dd4d410a76c3762511ae075d50f379ae09551d92525aa5bb307f8343bf7c2c12",
                "sha256:eb60699de43ba1a1f77363f563bb2c652f7748127ba3a774f7cf2c7804aa0d3d",
                "sha256:f469f15068cd8351826df4080ffe4cc6377c5bf7d29b5a07b0e717dddb4c7ea2",
                "sha256:f82c310ddf97b04e1392c33cf9a70909e0ae10a7e2ddc1d64495e3abdc5d19fb",
                "sha256:fa51ce4aea583b0c6b426f4b0563d3535c1c75986c4373a0987d84d22376585b"
            ],
            "markers": "python_version >= '3.7'",
            "version": "==2.0.19"
        },
        "typing-extensions": {
            "hashes": [
                "sha256:440d5dd3af93b060174bf433bccd69b0babc3b15b1a8dca43789fd7f61514b36",
                "sha256:b75ddc264f0ba5615db7ba217daeb99701ad295353c45f9e95963337ceeeffb2"
            ],
            "markers": "python_version >= '3.7'",
            "version": "==4.7.1"
        },
        "werkzeug": {
            "hashes": [
                "sha256:1e0dedc2acb1f46827daa2e399c1485c8fa17c0d8e70b6b875b4e7f54bf408d2",
                "sha256:b353856d37dec59d6511359f97f6a4b2468442e454bd1c98298ddce53cac1f04"
            ],
            "index": "pypi",
            "version": "==0.16.1"
        }
    },
    "develop": {}
}
